
Microsoft Visual Studio Solution File, Format Version 12.00
# Visual Studio Version 16
VisualStudioVersion = 16.0.30907.101
MinimumVisualStudioVersion = 10.0.40219.1
Project("{FAE04EC0-301F-11D3-BF4B-00C04F79EFBC}") = "MyDictionary", "MyDictionary\MyDictionary.csproj", "{C103F3A4-0364-48EF-ADBD-29CF74DA174F}"
EndProject
Global
	GlobalSection(SolutionConfigurationPlatforms) = preSolution
		Debug|Any CPU = Debug|Any CPU
		Release|Any CPU = Release|Any CPU
	EndGlobalSection
	GlobalSection(ProjectConfigurationPlatforms) = postSolution
		{C103F3A4-0364-48EF-ADBD-29CF74DA174F}.Debug|Any CPU.ActiveCfg = Debug|Any CPU
		{C103F3A4-0364-48EF-ADBD-29CF74DA174F}.Debug|Any CPU.Build.0 = Debug|Any CPU
		{C103F3A4-0364-48EF-ADBD-29CF74DA174F}.Release|Any CPU.ActiveCfg = Release|Any CPU
		{C103F3A4-0364-48EF-ADBD-29CF74DA174F}.Release|Any CPU.Build.0 = Release|Any CPU
	EndGlobalSection
	GlobalSection(SolutionProperties) = preSolution
		HideSolutionNode = FALSE
	EndGlobalSection
	GlobalSection(ExtensibilityGlobals) = postSolution
		SolutionGuid = {1B485E02-27A5-402E-AA2B-27EB74069135}
	EndGlobalSection
EndGlobal
